// !$*UTF8*$!
{
	archiveVersion = 1;
	classes = {
	};
	objectVersion = 50;
	objects = {

/* Begin PBXBuildFile section */
		A467FFA3219BA734001D458E /* AppDelegate.swift in Sources */ = {isa = PBXBuildFile; fileRef = A467FFA2219BA734001D458E /* AppDelegate.swift */; };
		A467FFA5219BA735001D458E /* ViewController.swift in Sources */ = {isa = PBXBuildFile; fileRef = A467FFA4219BA735001D458E /* ViewController.swift */; };
		A467FFA8219BA735001D458E /* Main.storyboard in Resources */ = {isa = PBXBuildFile; fileRef = A467FFA6219BA735001D458E /* Main.storyboard */; };
		A467FFAB219BA735001D458E /* LocalSave1114.xcdatamodeld in Sources */ = {isa = PBXBuildFile; fileRef = A467FFA9219BA735001D458E /* LocalSave1114.xcdatamodeld */; };
		A467FFAD219BA738001D458E /* Assets.xcassets in Resources */ = {isa = PBXBuildFile; fileRef = A467FFAC219BA738001D458E /* Assets.xcassets */; };
		A467FFB0219BA738001D458E /* LaunchScreen.storyboard in Resources */ = {isa = PBXBuildFile; fileRef = A467FFAE219BA738001D458E /* LaunchScreen.storyboard */; };
		A467FFD2219BB6FA001D458E /* libsqlite3.tbd in Frameworks */ = {isa = PBXBuildFile; fileRef = A467FFD1219BB6FA001D458E /* libsqlite3.tbd */; };
/* End PBXBuildFile section */

/* Begin PBXFileReference section */
		A467FF9F219BA734001D458E /* LocalSave1114.app */ = {isa = PBXFileReference; explicitFileType = wrapper.application; includeInIndex = 0; path = LocalSave1114.app; sourceTree = BUILT_PRODUCTS_DIR; };
		A467FFA2219BA734001D458E /* AppDelegate.swift */ = {isa = PBXFileReference; lastKnownFileType = sourcecode.swift; path = AppDelegate.swift; sourceTree = "<group>"; };
		A467FFA4219BA735001D458E /* ViewController.swift */ = {isa = PBXFileReference; lastKnownFileType = sourcecode.swift; path = ViewController.swift; sourceTree = "<group>"; };
		A467FFA7219BA735001D458E /* Base */ = {isa = PBXFileReference; lastKnownFileType = file.storyboard; name = Base; path = Base.lproj/Main.storyboard; sourceTree = "<group>"; };
		A467FFAA219BA735001D458E /* LocalSave1114.xcdatamodel */ = {isa = PBXFileReference; lastKnownFileType = wrapper.xcdatamodel; path = LocalSave1114.xcdatamodel; sourceTree = "<group>"; };
		A467FFAC219BA738001D458E /* Assets.xcassets */ = {isa = PBXFileReference; lastKnownFileType = folder.assetcatalog; path = Assets.xcassets; sourceTree = "<group>"; };
		A467FFAF219BA738001D458E /* Base */ = {isa = PBXFileReference; lastKnownFileType = file.storyboard; name = Base; path = Base.lproj/LaunchScreen.storyboard; sourceTree = "<group>"; };
		A467FFB1219BA738001D458E /* Info.plist */ = {isa = PBXFileReference; lastKnownFileType = text.plist.xml; path = Info.plist; sourceTree = "<group>"; };
		A467FFBB219BB652001D458E /* SQLiteUse.app */ = {isa = PBXFileReference; explicitFileType = wrapper.application; includeInIndex = 0; path = SQLiteUse.app; sourceTree = BUILT_PRODUCTS_DIR; };
		A467FFD1219BB6FA001D458E /* libsqlite3.tbd */ = {isa = PBXFileReference; lastKnownFileType = "sourcecode.text-based-dylib-definition"; name = libsqlite3.tbd; path = usr/lib/libsqlite3.tbd; sourceTree = SDKROOT; };
		A467FFEA219BBE36001D458E /* SQLiteuseTest.app */ = {isa = PBXFileReference; explicitFileType = wrapper.application; includeInIndex = 0; path = SQLiteuseTest.app; sourceTree = BUILT_PRODUCTS_DIR; };
/* End PBXFileReference section */

/* Begin PBXFrameworksBuildPhase section */
		A467FF9C219BA734001D458E /* Frameworks */ = {
			isa = PBXFrameworksBuildPhase;
			buildActionMask = 2147483647;
			files = (
				A467FFD2219BB6FA001D458E /* libsqlite3.tbd in Frameworks */,
			);
			runOnlyForDeploymentPostprocessing = 0;
		};
		A467FFB8219BB652001D458E /* Frameworks */ = {
			isa = PBXFrameworksBuildPhase;
			buildActionMask = 2147483647;
			files = (
			);
			runOnlyForDeploymentPostprocessing = 0;
		};
		A467FFE7219BBE36001D458E /* Frameworks */ = {
			isa = PBXFrameworksBuildPhase;
			buildActionMask = 2147483647;
			files = (
			);
			runOnlyForDeploymentPostprocessing = 0;
		};
/* End PBXFrameworksBuildPhase section */

/* Begin PBXGroup section */
		A467FF96219BA734001D458E = {
			isa = PBXGroup;
			children = (
				A467FFA1219BA734001D458E /* LocalSave1114 */,
				A467FFA0219BA734001D458E /* Products */,
				A467FFD0219BB6FA001D458E /* Frameworks */,
			);
			sourceTree = "<group>";
		};
		A467FFA0219BA734001D458E /* Products */ = {
			isa = PBXGroup;
			children = (
				A467FF9F219BA734001D458E /* LocalSave1114.app */,
				A467FFBB219BB652001D458E /* SQLiteUse.app */,
				A467FFEA219BBE36001D458E /* SQLiteuseTest.app */,
			);
			name = Products;
			sourceTree = "<group>";
		};
		A467FFA1219BA734001D458E /* LocalSave1114 */ = {
			isa = PBXGroup;
			children = (
				A467FFA2219BA734001D458E /* AppDelegate.swift */,
				A467FFA4219BA735001D458E /* ViewController.swift */,
				A467FFA6219BA735001D458E /* Main.storyboard */,
				A467FFAC219BA738001D458E /* Assets.xcassets */,
				A467FFAE219BA738001D458E /* LaunchScreen.storyboard */,
				A467FFB1219BA738001D458E /* Info.plist */,
				A467FFA9219BA735001D458E /* LocalSave1114.xcdatamodeld */,
			);
			path = LocalSave1114;
			sourceTree = "<group>";
		};
		A467FFD0219BB6FA001D458E /* Frameworks */ = {
			isa = PBXGroup;
			children = (
				A467FFD1219BB6FA001D458E /* libsqlite3.tbd */,
			);
			name = Frameworks;
			sourceTree = "<group>";
		};
/* End PBXGroup section */

/* Begin PBXNativeTarget section */
		A467FF9E219BA734001D458E /* LocalSave1114 */ = {
			isa = PBXNativeTarget;
			buildConfigurationList = A467FFB4219BA738001D458E /* Build configuration list for PBXNativeTarget "LocalSave1114" */;
			buildPhases = (
				A467FF9B219BA734001D458E /* Sources */,
				A467FF9C219BA734001D458E /* Frameworks */,
				A467FF9D219BA734001D458E /* Resources */,
			);
			buildRules = (
			);
			dependencies = (
			);
			name = LocalSave1114;
			productName = LocalSave1114;
			productReference = A467FF9F219BA734001D458E /* LocalSave1114.app */;
			productType = "com.apple.product-type.application";
		};
		A467FFBA219BB652001D458E /* SQLiteUse */ = {
			isa = PBXNativeTarget;
			buildConfigurationList = A467FFCF219BB659001D458E /* Build configuration list for PBXNativeTarget "SQLiteUse" */;
			buildPhases = (
				A467FFB7219BB652001D458E /* Sources */,
				A467FFB8219BB652001D458E /* Frameworks */,
				A467FFB9219BB652001D458E /* Resources */,
			);
			buildRules = (
			);
			dependencies = (
			);
			name = SQLiteUse;
			productName = SQLiteUse;
			productReference = A467FFBB219BB652001D458E /* SQLiteUse.app */;
			productType = "com.apple.product-type.application";
		};
		A467FFE9219BBE36001D458E /* SQLiteuseTest */ = {
			isa = PBXNativeTarget;
			buildConfigurationList = A467FFFC219BBE38001D458E /* Build configuration list for PBXNativeTarget "SQLiteuseTest" */;
			buildPhases = (
				A467FFE6219BBE36001D458E /* Sources */,
				A467FFE7219BBE36001D458E /* Frameworks */,
				A467FFE8219BBE36001D458E /* Resources */,
			);
			buildRules = (
			);
			dependencies = (
			);
			name = SQLiteuseTest;
			productName = SQLiteuseTest;
			productReference = A467FFEA219BBE36001D458E /* SQLiteuseTest.app */;
			productType = "com.apple.product-type.application";
		};
/* End PBXNativeTarget section */

/* Begin PBXProject section */
		A467FF97219BA734001D458E /* Project object */ = {
			isa = PBXProject;
			attributes = {
				LastSwiftUpdateCheck = 0940;
				LastUpgradeCheck = 0940;
				ORGANIZATIONNAME = the;
				TargetAttributes = {
					A467FF9E219BA734001D458E = {
						CreatedOnToolsVersion = 9.4;
					};
					A467FFBA219BB652001D458E = {
						CreatedOnToolsVersion = 9.4;
						LastSwiftMigration = 0940;
					};
					A467FFE9219BBE36001D458E = {
						CreatedOnToolsVersion = 9.4;
						LastSwiftMigration = 0940;
					};
				};
			};
			buildConfigurationList = A467FF9A219BA734001D458E /* Build configuration list for PBXProject "LocalSave1114" */;
			compatibilityVersion = "Xcode 9.3";
			developmentRegion = en;
			hasScannedForEncodings = 0;
			knownRegions = (
				en,
				Base,
			);
			mainGroup = A467FF96219BA734001D458E;
			productRefGroup = A467FFA0219BA734001D458E /* Products */;
			projectDirPath = "";
			projectRoot = "";
			targets = (
				A467FF9E219BA734001D458E /* LocalSave1114 */,
				A467FFBA219BB652001D458E /* SQLiteUse */,
				A467FFE9219BBE36001D458E /* SQLiteuseTest */,
			);
		};
/* End PBXProject section */

/* Begin PBXResourcesBuildPhase section */
		A467FF9D219BA734001D458E /* Resources */ = {
			isa = PBXResourcesBuildPhase;
			buildActionMask = 2147483647;
			files = (
				A467FFB0219BA738001D458E /* LaunchScreen.storyboard in Resources */,
				A467FFAD219BA738001D458E /* Assets.xcassets in Resources */,
				A467FFA8219BA735001D458E /* Main.storyboard in Resources */,
			);
			runOnlyForDeploymentPostprocessing = 0;
		};
		A467FFB9219BB652001D458E /* Resources */ = {
			isa = PBXResourcesBuildPhase;
			buildActionMask = 2147483647;
			files = (
			);
			runOnlyForDeploymentPostprocessing = 0;
		};
		A467FFE8219BBE36001D458E /* Resources */ = {
			isa = PBXResourcesBuildPhase;
			buildActionMask = 2147483647;
			files = (
			);
			runOnlyForDeploymentPostprocessing = 0;
		};
/* End PBXResourcesBuildPhase section */

/* Begin PBXSourcesBuildPhase section */
		A467FF9B219BA734001D458E /* Sources */ = {
			isa = PBXSourcesBuildPhase;
			buildActionMask = 2147483647;
			files = (
				A467FFA5219BA735001D458E /* ViewController.swift in Sources */,
				A467FFA3219BA734001D458E /* AppDelegate.swift in Sources */,
				A467FFAB219BA735001D458E /* LocalSave1114.xcdatamodeld in Sources */,
			);
			runOnlyForDeploymentPostprocessing = 0;
		};
		A467FFB7219BB652001D458E /* Sources */ = {
			isa = PBXSourcesBuildPhase;
			buildActionMask = 2147483647;
			files = (
			);
			runOnlyForDeploymentPostprocessing = 0;
		};
		A467FFE6219BBE36001D458E /* Sources */ = {
			isa = PBXSourcesBuildPhase;
			buildActionMask = 2147483647;
			files = (
			);
			runOnlyForDeploymentPostprocessing = 0;
		};
/* End PBXSourcesBuildPhase section */

/* Begin PBXVariantGroup section */
		A467FFA6219BA735001D458E /* Main.storyboard */ = {
			isa = PBXVariantGroup;
			children = (
				A467FFA7219BA735001D458E /* Base */,
			);
			name = Main.storyboard;
			sourceTree = "<group>";
		};
		A467FFAE219BA738001D458E /* LaunchScreen.storyboard */ = {
			isa = PBXVariantGroup;
			children = (
				A467FFAF219BA738001D458E /* Base */,
			);
			name = LaunchScreen.storyboard;
			sourceTree = "<group>";
		};
/* End PBXVariantGroup section */

/* Begin XCBuildConfiguration section */
		A467FFB2219BA738001D458E /* Debug */ = {
			isa = XCBuildConfiguration;
			buildSettings = {
				ALWAYS_SEARCH_USER_PATHS = NO;
				CLANG_ANALYZER_NONNULL = YES;
				CLANG_ANALYZER_NUMBER_OBJECT_CONVERSION = YES_AGGRESSIVE;
				CLANG_CXX_LANGUAGE_STANDARD = "gnu++14";
				CLANG_CXX_LIBRARY = "libc++";
				CLANG_ENABLE_MODULES = YES;
				CLANG_ENABLE_OBJC_ARC = YES;
				CLANG_ENABLE_OBJC_WEAK = YES;
				CLANG_WARN_BLOCK_CAPTURE_AUTORELEASING = YES;
				CLANG_WARN_BOOL_CONVERSION = YES;
				CLANG_WARN_COMMA = YES;
				CLANG_WARN_CONSTANT_CONVERSION = YES;
				CLANG_WARN_DEPRECATED_OBJC_IMPLEMENTATIONS = YES;
				CLANG_WARN_DIRECT_OBJC_ISA_USAGE = YES_ERROR;
				CLANG_WARN_DOCUMENTATION_COMMENTS = YES;
				CLANG_WARN_EMPTY_BODY = YES;
				CLANG_WARN_ENUM_CONVERSION = YES;
				CLANG_WARN_INFINITE_RECURSION = YES;
				CLANG_WARN_INT_CONVERSION = YES;
				CLANG_WARN_NON_LITERAL_NULL_CONVERSION = YES;
				CLANG_WARN_OBJC_IMPLICIT_RETAIN_SELF = YES;
				CLANG_WARN_OBJC_LITERAL_CONVERSION = YES;
				CLANG_WARN_OBJC_ROOT_CLASS = YES_ERROR;
				CLANG_WARN_RANGE_LOOP_ANALYSIS = YES;
				CLANG_WARN_STRICT_PROTOTYPES = YES;
				CLANG_WARN_SUSPICIOUS_MOVE = YES;
				CLANG_WARN_UNGUARDED_AVAILABILITY = YES_AGGRESSIVE;
				CLANG_WARN_UNREACHABLE_CODE = YES;
				CLANG_WARN__DUPLICATE_METHOD_MATCH = YES;
				CODE_SIGN_IDENTITY = "iPhone Developer";
				COPY_PHASE_STRIP = NO;
				DEBUG_INFORMATION_FORMAT = dwarf;
				ENABLE_STRICT_OBJC_MSGSEND = YES;
				ENABLE_TESTABILITY = YES;
				GCC_C_LANGUAGE_STANDARD = gnu11;
				GCC_DYNAMIC_NO_PIC = NO;
				GCC_NO_COMMON_BLOCKS = YES;
				GCC_OPTIMIZATION_LEVEL = 0;
				GCC_PREPROCESSOR_DEFINITIONS = (
					"DEBUG=1",
					"$(inherited)",
				);
				GCC_WARN_64_TO_32_BIT_CONVERSION = YES;
				GCC_WARN_ABOUT_RETURN_TYPE = YES_ERROR;
				GCC_WARN_UNDECLARED_SELECTOR = YES;
				GCC_WARN_UNINITIALIZED_AUTOS = YES_AGGRESSIVE;
				GCC_WARN_UNUSED_FUNCTION = YES;
				GCC_WARN_UNUSED_VARIABLE = YES;
				IPHONEOS_DEPLOYMENT_TARGET = 11.4;
				MTL_ENABLE_DEBUG_INFO = YES;
				ONLY_ACTIVE_ARCH = YES;
				SDKROOT = iphoneos;
				SWIFT_ACTIVE_COMPILATION_CONDITIONS = DEBUG;
				SWIFT_OPTIMIZATION_LEVEL = "-Onone";
			};
			name = Debug;
		};
		A467FFB3219BA738001D458E /* Release */ = {
			isa = XCBuildConfiguration;
			buildSettings = {
				ALWAYS_SEARCH_USER_PATHS = NO;
				CLANG_ANALYZER_NONNULL = YES;
				CLANG_ANALYZER_NUMBER_OBJECT_CONVERSION = YES_AGGRESSIVE;
				CLANG_CXX_LANGUAGE_STANDARD = "gnu++14";
				CLANG_CXX_LIBRARY = "libc++";
				CLANG_ENABLE_MODULES = YES;
				CLANG_ENABLE_OBJC_ARC = YES;
				CLANG_ENABLE_OBJC_WEAK = YES;
				CLANG_WARN_BLOCK_CAPTURE_AUTORELEASING = YES;
				CLANG_WARN_BOOL_CONVERSION = YES;
				CLANG_WARN_COMMA = YES;
				CLANG_WARN_CONSTANT_CONVERSION = YES;
				CLANG_WARN_DEPRECATED_OBJC_IMPLEMENTATIONS = YES;
				CLANG_WARN_DIRECT_OBJC_ISA_USAGE = YES_ERROR;
				CLANG_WARN_DOCUMENTATION_COMMENTS = YES;
				CLANG_WARN_EMPTY_BODY = YES;
				CLANG_WARN_ENUM_CONVERSION = YES;
				CLANG_WARN_INFINITE_RECURSION = YES;
				CLANG_WARN_INT_CONVERSION = YES;
				CLANG_WARN_NON_LITERAL_NULL_CONVERSION = YES;
				CLANG_WARN_OBJC_IMPLICIT_RETAIN_SELF = YES;
				CLANG_WARN_OBJC_LITERAL_CONVERSION = YES;
				CLANG_WARN_OBJC_ROOT_CLASS = YES_ERROR;
				CLANG_WARN_RANGE_LOOP_ANALYSIS = YES;
				CLANG_WARN_STRICT_PROTOTYPES = YES;
				CLANG_WARN_SUSPICIOUS_MOVE = YES;
				CLANG_WARN_UNGUARDED_AVAILABILITY = YES_AGGRESSIVE;
				CLANG_WARN_UNREACHABLE_CODE = YES;
				CLANG_WARN__DUPLICATE_METHOD_MATCH = YES;
				CODE_SIGN_IDENTITY = "iPhone Developer";
				COPY_PHASE_STRIP = NO;
				DEBUG_INFORMATION_FORMAT = "dwarf-with-dsym";
				ENABLE_NS_ASSERTIONS = NO;
				ENABLE_STRICT_OBJC_MSGSEND = YES;
				GCC_C_LANGUAGE_STANDARD = gnu11;
				GCC_NO_COMMON_BLOCKS = YES;
				GCC_WARN_64_TO_32_BIT_CONVERSION = YES;
				GCC_WARN_ABOUT_RETURN_TYPE = YES_ERROR;
				GCC_WARN_UNDECLARED_SELECTOR = YES;
				GCC_WARN_UNINITIALIZED_AUTOS = YES_AGGRESSIVE;
				GCC_WARN_UNUSED_FUNCTION = YES;
				GCC_WARN_UNUSED_VARIABLE = YES;
				IPHONEOS_DEPLOYMENT_TARGET = 11.4;
				MTL_ENABLE_DEBUG_INFO = NO;
				SDKROOT = iphoneos;
				SWIFT_COMPILATION_MODE = wholemodule;
				SWIFT_OPTIMIZATION_LEVEL = "-O";
				VALIDATE_PRODUCT = YES;
			};
			name = Release;
		};
		A467FFB5219BA738001D458E /* Debug */ = {
			isa = XCBuildConfiguration;
			buildSettings = {
				ASSETCATALOG_COMPILER_APPICON_NAME = AppIcon;
				CODE_SIGN_STYLE = Automatic;
				INFOPLIST_FILE = LocalSave1114/Info.plist;
				LD_RUNPATH_SEARCH_PATHS = (
					"$(inherited)",
					"@executable_path/Frameworks",
				);
				PRODUCT_BUNDLE_IDENTIFIER = gmail.pilot.lyb.LocalSave1114;
				PRODUCT_NAME = "$(TARGET_NAME)";
				SWIFT_VERSION = 4.0;
				TARGETED_DEVICE_FAMILY = "1,2";
			};
			name = Debug;
		};
		A467FFB6219BA738001D458E /* Release */ = {
			isa = XCBuildConfiguration;
			buildSettings = {
				ASSETCATALOG_COMPILER_APPICON_NAME = AppIcon;
				CODE_SIGN_STYLE = Automatic;
				INFOPLIST_FILE = LocalSave1114/Info.plist;
				LD_RUNPATH_SEARCH_PATHS = (
					"$(inherited)",
					"@executable_path/Frameworks",
				);
				PRODUCT_BUNDLE_IDENTIFIER = gmail.pilot.lyb.LocalSave1114;
				PRODUCT_NAME = "$(TARGET_NAME)";
				SWIFT_VERSION = 4.0;
				TARGETED_DEVICE_FAMILY = "1,2";
			};
			name = Release;
		};
		A467FFCD219BB659001D458E /* Debug */ = {
			isa = XCBuildConfiguration;
			buildSettings = {
				ASSETCATALOG_COMPILER_APPICON_NAME = AppIcon;
				CLANG_ENABLE_MODULES = YES;
				CODE_SIGN_STYLE = Automatic;
				INFOPLIST_FILE = SQLiteUse/Info.plist;
				LD_RUNPATH_SEARCH_PATHS = (
					"$(inherited)",
					"@executable_path/Frameworks",
				);
				PRODUCT_BUNDLE_IDENTIFIER = gmail.pilot.lyb.SQLiteUse;
				PRODUCT_NAME = "$(TARGET_NAME)";
				SWIFT_OBJC_BRIDGING_HEADER = "SQLiteUse-Bridging-Header.h";
				SWIFT_OPTIMIZATION_LEVEL = "-Onone";
				SWIFT_VERSION = 4.0;
				TARGETED_DEVICE_FAMILY = "1,2";
			};
			name = Debug;
		};
		A467FFCE219BB659001D458E /* Release */ = {
			isa = XCBuildConfiguration;
			buildSettings = {
				ASSETCATALOG_COMPILER_APPICON_NAME = AppIcon;
				CLANG_ENABLE_MODULES = YES;
				CODE_SIGN_STYLE = Automatic;
				INFOPLIST_FILE = SQLiteUse/Info.plist;
				LD_RUNPATH_SEARCH_PATHS = (
					"$(inherited)",
					"@executable_path/Frameworks",
				);
				PRODUCT_BUNDLE_IDENTIFIER = gmail.pilot.lyb.SQLiteUse;
				PRODUCT_NAME = "$(TARGET_NAME)";
				SWIFT_OBJC_BRIDGING_HEADER = "SQLiteUse-Bridging-Header.h";
				SWIFT_VERSION = 4.0;
				TARGETED_DEVICE_FAMILY = "1,2";
			};
			name = Release;
		};
		A467FFFD219BBE38001D458E /* Debug */ = {
			isa = XCBuildConfiguration;
			buildSettings = {
				ASSETCATALOG_COMPILER_APPICON_NAME = AppIcon;
				CLANG_ENABLE_MODULES = YES;
				CODE_SIGN_STYLE = Automatic;
				INFOPLIST_FILE = SQLiteuseTest/Info.plist;
				LD_RUNPATH_SEARCH_PATHS = (
					"$(inherited)",
					"@executable_path/Frameworks",
				);
				PRODUCT_BUNDLE_IDENTIFIER = gmail.pilot.lyb.SQLiteuseTest;
				PRODUCT_NAME = "$(TARGET_NAME)";
				SWIFT_OBJC_BRIDGING_HEADER = "SQLiteuseTest/SQLiteuseTest-Bridging-Header.h";
				SWIFT_OPTIMIZATION_LEVEL = "-Onone";
				SWIFT_VERSION = 4.0;
				TARGETED_DEVICE_FAMILY = "1,2";
			};
			name = Debug;
		};
		A467FFFE219BBE38001D458E /* Release */ = {
			isa = XCBuildConfiguration;
			buildSettings = {
				ASSETCATALOG_COMPILER_APPICON_NAME = AppIcon;
				CLANG_ENABLE_MODULES = YES;
				CODE_SIGN_STYLE = Automatic;
				INFOPLIST_FILE = SQLiteuseTest/Info.plist;
				LD_RUNPATH_SEARCH_PATHS = (
					"$(inherited)",
					"@executable_path/Frameworks",
				);
				PRODUCT_BUNDLE_IDENTIFIER = gmail.pilot.lyb.SQLiteuseTest;
				PRODUCT_NAME = "$(TARGET_NAME)";
				SWIFT_OBJC_BRIDGING_HEADER = "SQLiteuseTest/SQLiteuseTest-Bridging-Header.h";
				SWIFT_VERSION = 4.0;
				TARGETED_DEVICE_FAMILY = "1,2";
			};
			name = Release;
		};
/* End XCBuildConfiguration section */

/* Begin XCConfigurationList section */
		A467FF9A219BA734001D458E /* Build configuration list for PBXProject "LocalSave1114" */ = {
			isa = XCConfigurationList;
			buildConfigurations = (
				A467FFB2219BA738001D458E /* Debug */,
				A467FFB3219BA738001D458E /* Release */,
			);
			defaultConfigurationIsVisible = 0;
			defaultConfigurationName = Release;
		};
		A467FFB4219BA738001D458E /* Build configuration list for PBXNativeTarget "LocalSave1114" */ = {
			isa = XCConfigurationList;
			buildConfigurations = (
				A467FFB5219BA738001D458E /* Debug */,
				A467FFB6219BA738001D458E /* Release */,
			);
			defaultConfigurationIsVisible = 0;
			defaultConfigurationName = Release;
		};
		A467FFCF219BB659001D458E /* Build configuration list for PBXNativeTarget "SQLiteUse" */ = {
			isa = XCConfigurationList;
			buildConfigurations = (
				A467FFCD219BB659001D458E /* Debug */,
				A467FFCE219BB659001D458E /* Release */,
			);
			defaultConfigurationIsVisible = 0;
			defaultConfigurationName = Release;
		};
		A467FFFC219BBE38001D458E /* Build configuration list for PBXNativeTarget "SQLiteuseTest" */ = {
			isa = XCConfigurationList;
			buildConfigurations = (
				A467FFFD219BBE38001D458E /* Debug */,
				A467FFFE219BBE38001D458E /* Release */,
			);
			defaultConfigurationIsVisible = 0;
			defaultConfigurationName = Release;
		};
/* End XCConfigurationList section */

/* Begin XCVersionGroup section */
		A467FFA9219BA735001D458E /* LocalSave1114.xcdatamodeld */ = {
			isa = XCVersionGroup;
			children = (
				A467FFAA219BA735001D458E /* LocalSave1114.xcdatamodel */,
			);
			currentVersion = A467FFAA219BA735001D458E /* LocalSave1114.xcdatamodel */;
			path = LocalSave1114.xcdatamodeld;
			sourceTree = "<group>";
			versionGroupType = wrapper.xcdatamodel;
		};
/* End XCVersionGroup section */
	};
	rootObject = A467FF97219BA734001D458E /* Project object */;
}
